dependencies:
- name: graphdb
  repository: https://maven.ontotext.com/repository/helm-public/
  version: 12.1.1
- name: eck-operator
  repository: https://helm.elastic.co
  version: 3.1.0
digest: sha256:3c6db0b422843e5843e137c54935be287ca2a6bdc4994852a28ad085b4608039
generated: "2025-10-08T09:09:42.11256283+03:00"
